
Microsoft Visual Studio Solution File, Format Version 12.00
# Visual Studio 14
VisualStudioVersion = 14.0.25420.1
MinimumVisualStudioVersion = 10.0.40219.1
Project("{FAE04EC0-301F-11D3-BF4B-00C04F79EFBC}") = "Trendyol.App", "Trendyol.App\Trendyol.App.csproj", "{5A4FC3B4-F64A-4E7C-A178-9BCD81CF6334}"
EndProject
Project("{FAE04EC0-301F-11D3-BF4B-00C04F79EFBC}") = "Trendyol.App.WebApi", "Trendyol.App.WebApi\Trendyol.App.WebApi.csproj", "{ED0AF6B3-C534-4F46-A7B0-B59AD9DDFC88}"
EndProject
Project("{2150E333-8FDC-42A3-9474-1A3956D46DE8}") = "Samples", "Samples", "{C19A3477-D9F2-4D11-BFB6-5050C48911A7}"
EndProject
Project("{FAE04EC0-301F-11D3-BF4B-00C04F79EFBC}") = "Trendyol.App.NLog", "Trendyol.App.NLog\Trendyol.App.NLog.csproj", "{AD6FC708-BA35-4DDA-A09D-A052B9E8EF0A}"
EndProject
Project("{2150E333-8FDC-42A3-9474-1A3956D46DE8}") = "Solution Items", "Solution Items", "{F1D3EE0E-A9D0-4CD5-AC87-1DE2799FD291}"
	ProjectSection(SolutionItems) = preProject
		.gitattributes = .gitattributes
		.gitignore = .gitignore
		README.md = README.md
	EndProjectSection
EndProject
Project("{FAE04EC0-301F-11D3-BF4B-00C04F79EFBC}") = "Trendyol.App.Autofac", "Trendyol.App.Autofac\Trendyol.App.Autofac.csproj", "{E6583126-21BE-479D-862D-97DA0BBFD9C3}"
EndProject
Project("{FAE04EC0-301F-11D3-BF4B-00C04F79EFBC}") = "Trendyol.App.AutofacWebApi", "Trendyol.App.AutofacWebApi\Trendyol.App.AutofacWebApi.csproj", "{4C29A05B-2AEE-43F8-83F2-F833A9C2EB3A}"
EndProject
Project("{FAE04EC0-301F-11D3-BF4B-00C04F79EFBC}") = "Trendyol.App.EntityFramework", "Trendyol.App.EntityFramework\Trendyol.App.EntityFramework.csproj", "{02191109-9684-4A4B-BB59-28181D32C8E7}"
EndProject
Project("{FAE04EC0-301F-11D3-BF4B-00C04F79EFBC}") = "WebApplication", "WebApplication\WebApplication.csproj", "{F61C45B0-BE0E-4214-8AD1-EC29E9440C1B}"
EndProject
Project("{FAE04EC0-301F-11D3-BF4B-00C04F79EFBC}") = "Data", "Data\Data.csproj", "{435BBF86-313C-4914-BBF2-157D530DA905}"
EndProject
Project("{FAE04EC0-301F-11D3-BF4B-00C04F79EFBC}") = "Domain", "Domain\Domain.csproj", "{676BBB64-B7A6-47F1-8EA4-30F03E372B69}"
EndProject
Project("{FAE04EC0-301F-11D3-BF4B-00C04F79EFBC}") = "Trendyol.App.Mvc", "Trendyol.App.Mvc\Trendyol.App.Mvc.csproj", "{F7E5392B-CB70-4731-98F5-F0ADF706731C}"
EndProject
Project("{FAE04EC0-301F-11D3-BF4B-00C04F79EFBC}") = "MvcApplication", "MvcApplication\MvcApplication.csproj", "{48BDF3FC-F73F-46DD-A8DF-8A1E84E60D2E}"
EndProject
Project("{FAE04EC0-301F-11D3-BF4B-00C04F79EFBC}") = "Trendyol.App.AutofacMvc", "Trendyol.App.AutofacMvc\Trendyol.App.AutofacMvc.csproj", "{0F306FDC-DA93-4375-9DAA-396BEBD24313}"
EndProject
Project("{2150E333-8FDC-42A3-9474-1A3956D46DE8}") = "Tests", "Tests", "{4E9AD0AE-468B-4A0E-A9F4-DE0852011939}"
EndProject
Project("{FAE04EC0-301F-11D3-BF4B-00C04F79EFBC}") = "Trendyol.App.EntityFramework.Tests", "Trendyol.App.EntityFramework.Tests\Trendyol.App.EntityFramework.Tests.csproj", "{F01BFD43-67CF-4EDD-AB8A-586FA8AF1421}"
EndProject
Project("{FAE04EC0-301F-11D3-BF4B-00C04F79EFBC}") = "Tests", "Tests\Tests.csproj", "{4AC41F8E-8B49-4AAF-832F-7C6EC2C9725C}"
EndProject
Project("{FAE04EC0-301F-11D3-BF4B-00C04F79EFBC}") = "Trendyol.App.Daemon", "Trendyol.App.Daemon\Trendyol.App.Daemon.csproj", "{672169EC-BA63-429E-BF7B-25A7EA3D29D9}"
EndProject
Project("{FAE04EC0-301F-11D3-BF4B-00C04F79EFBC}") = "WindowsService", "WindowsService\WindowsService.csproj", "{B929EBA4-62E0-41BA-AE48-3EDE67953AAF}"
EndProject
Project("{FAE04EC0-301F-11D3-BF4B-00C04F79EFBC}") = "Trendyol.App.EntityFramework.Testing", "Trendyol.App.EntityFramework.Testing\Trendyol.App.EntityFramework.Testing.csproj", "{024AD090-BAE3-427F-95DB-934F3AA67BEA}"
EndProject
Global
	GlobalSection(SolutionConfigurationPlatforms) = preSolution
		Debug|Any CPU = Debug|Any CPU
		Release|Any CPU = Release|Any CPU
	EndGlobalSection
	GlobalSection(ProjectConfigurationPlatforms) = postSolution
		{5A4FC3B4-F64A-4E7C-A178-9BCD81CF6334}.Debug|Any CPU.ActiveCfg = Debug|Any CPU
		{5A4FC3B4-F64A-4E7C-A178-9BCD81CF6334}.Debug|Any CPU.Build.0 = Debug|Any CPU
		{5A4FC3B4-F64A-4E7C-A178-9BCD81CF6334}.Release|Any CPU.ActiveCfg = Release|Any CPU
		{5A4FC3B4-F64A-4E7C-A178-9BCD81CF6334}.Release|Any CPU.Build.0 = Release|Any CPU
		{ED0AF6B3-C534-4F46-A7B0-B59AD9DDFC88}.Debug|Any CPU.ActiveCfg = Debug|Any CPU
		{ED0AF6B3-C534-4F46-A7B0-B59AD9DDFC88}.Debug|Any CPU.Build.0 = Debug|Any CPU
		{ED0AF6B3-C534-4F46-A7B0-B59AD9DDFC88}.Release|Any CPU.ActiveCfg = Release|Any CPU
		{ED0AF6B3-C534-4F46-A7B0-B59AD9DDFC88}.Release|Any CPU.Build.0 = Release|Any CPU
		{AD6FC708-BA35-4DDA-A09D-A052B9E8EF0A}.Debug|Any CPU.ActiveCfg = Debug|Any CPU
		{AD6FC708-BA35-4DDA-A09D-A052B9E8EF0A}.Debug|Any CPU.Build.0 = Debug|Any CPU
		{AD6FC708-BA35-4DDA-A09D-A052B9E8EF0A}.Release|Any CPU.ActiveCfg = Release|Any CPU
		{AD6FC708-BA35-4DDA-A09D-A052B9E8EF0A}.Release|Any CPU.Build.0 = Release|Any CPU
		{E6583126-21BE-479D-862D-97DA0BBFD9C3}.Debug|Any CPU.ActiveCfg = Debug|Any CPU
		{E6583126-21BE-479D-862D-97DA0BBFD9C3}.Debug|Any CPU.Build.0 = Debug|Any CPU
		{E6583126-21BE-479D-862D-97DA0BBFD9C3}.Release|Any CPU.ActiveCfg = Release|Any CPU
		{E6583126-21BE-479D-862D-97DA0BBFD9C3}.Release|Any CPU.Build.0 = Release|Any CPU
		{4C29A05B-2AEE-43F8-83F2-F833A9C2EB3A}.Debug|Any CPU.ActiveCfg = Debug|Any CPU
		{4C29A05B-2AEE-43F8-83F2-F833A9C2EB3A}.Debug|Any CPU.Build.0 = Debug|Any CPU
		{4C29A05B-2AEE-43F8-83F2-F833A9C2EB3A}.Release|Any CPU.ActiveCfg = Release|Any CPU
		{4C29A05B-2AEE-43F8-83F2-F833A9C2EB3A}.Release|Any CPU.Build.0 = Release|Any CPU
		{02191109-9684-4A4B-BB59-28181D32C8E7}.Debug|Any CPU.ActiveCfg = Debug|Any CPU
		{02191109-9684-4A4B-BB59-28181D32C8E7}.Debug|Any CPU.Build.0 = Debug|Any CPU
		{02191109-9684-4A4B-BB59-28181D32C8E7}.Release|Any CPU.ActiveCfg = Release|Any CPU
		{02191109-9684-4A4B-BB59-28181D32C8E7}.Release|Any CPU.Build.0 = Release|Any CPU
		{F61C45B0-BE0E-4214-8AD1-EC29E9440C1B}.Debug|Any CPU.ActiveCfg = Debug|Any CPU
		{F61C45B0-BE0E-4214-8AD1-EC29E9440C1B}.Debug|Any CPU.Build.0 = Debug|Any CPU
		{F61C45B0-BE0E-4214-8AD1-EC29E9440C1B}.Release|Any CPU.ActiveCfg = Release|Any CPU
		{F61C45B0-BE0E-4214-8AD1-EC29E9440C1B}.Release|Any CPU.Build.0 = Release|Any CPU
		{435BBF86-313C-4914-BBF2-157D530DA905}.Debug|Any CPU.ActiveCfg = Debug|Any CPU
		{435BBF86-313C-4914-BBF2-157D530DA905}.Debug|Any CPU.Build.0 = Debug|Any CPU
		{435BBF86-313C-4914-BBF2-157D530DA905}.Release|Any CPU.ActiveCfg = Release|Any CPU
		{435BBF86-313C-4914-BBF2-157D530DA905}.Release|Any CPU.Build.0 = Release|Any CPU
		{676BBB64-B7A6-47F1-8EA4-30F03E372B69}.Debug|Any CPU.ActiveCfg = Debug|Any CPU
		{676BBB64-B7A6-47F1-8EA4-30F03E372B69}.Debug|Any CPU.Build.0 = Debug|Any CPU
		{676BBB64-B7A6-47F1-8EA4-30F03E372B69}.Release|Any CPU.ActiveCfg = Release|Any CPU
		{676BBB64-B7A6-47F1-8EA4-30F03E372B69}.Release|Any CPU.Build.0 = Release|Any CPU
		{F7E5392B-CB70-4731-98F5-F0ADF706731C}.Debug|Any CPU.ActiveCfg = Debug|Any CPU
		{F7E5392B-CB70-4731-98F5-F0ADF706731C}.Debug|Any CPU.Build.0 = Debug|Any CPU
		{F7E5392B-CB70-4731-98F5-F0ADF706731C}.Release|Any CPU.ActiveCfg = Release|Any CPU
		{F7E5392B-CB70-4731-98F5-F0ADF706731C}.Release|Any CPU.Build.0 = Release|Any CPU
		{48BDF3FC-F73F-46DD-A8DF-8A1E84E60D2E}.Debug|Any CPU.ActiveCfg = Debug|Any CPU
		{48BDF3FC-F73F-46DD-A8DF-8A1E84E60D2E}.Debug|Any CPU.Build.0 = Debug|Any CPU
		{48BDF3FC-F73F-46DD-A8DF-8A1E84E60D2E}.Release|Any CPU.ActiveCfg = Release|Any CPU
		{48BDF3FC-F73F-46DD-A8DF-8A1E84E60D2E}.Release|Any CPU.Build.0 = Release|Any CPU
		{0F306FDC-DA93-4375-9DAA-396BEBD24313}.Debug|Any CPU.ActiveCfg = Debug|Any CPU
		{0F306FDC-DA93-4375-9DAA-396BEBD24313}.Debug|Any CPU.Build.0 = Debug|Any CPU
		{0F306FDC-DA93-4375-9DAA-396BEBD24313}.Release|Any CPU.ActiveCfg = Release|Any CPU
		{0F306FDC-DA93-4375-9DAA-396BEBD24313}.Release|Any CPU.Build.0 = Release|Any CPU
		{F01BFD43-67CF-4EDD-AB8A-586FA8AF1421}.Debug|Any CPU.ActiveCfg = Debug|Any CPU
		{F01BFD43-67CF-4EDD-AB8A-586FA8AF1421}.Debug|Any CPU.Build.0 = Debug|Any CPU
		{F01BFD43-67CF-4EDD-AB8A-586FA8AF1421}.Release|Any CPU.ActiveCfg = Release|Any CPU
		{F01BFD43-67CF-4EDD-AB8A-586FA8AF1421}.Release|Any CPU.Build.0 = Release|Any CPU
		{4AC41F8E-8B49-4AAF-832F-7C6EC2C9725C}.Debug|Any CPU.ActiveCfg = Debug|Any CPU
		{4AC41F8E-8B49-4AAF-832F-7C6EC2C9725C}.Debug|Any CPU.Build.0 = Debug|Any CPU
		{4AC41F8E-8B49-4AAF-832F-7C6EC2C9725C}.Release|Any CPU.ActiveCfg = Release|Any CPU
		{4AC41F8E-8B49-4AAF-832F-7C6EC2C9725C}.Release|Any CPU.Build.0 = Release|Any CPU
		{672169EC-BA63-429E-BF7B-25A7EA3D29D9}.Debug|Any CPU.ActiveCfg = Debug|Any CPU
		{672169EC-BA63-429E-BF7B-25A7EA3D29D9}.Debug|Any CPU.Build.0 = Debug|Any CPU
		{672169EC-BA63-429E-BF7B-25A7EA3D29D9}.Release|Any CPU.ActiveCfg = Release|Any CPU
		{672169EC-BA63-429E-BF7B-25A7EA3D29D9}.Release|Any CPU.Build.0 = Release|Any CPU
		{B929EBA4-62E0-41BA-AE48-3EDE67953AAF}.Debug|Any CPU.ActiveCfg = Debug|Any CPU
		{B929EBA4-62E0-41BA-AE48-3EDE67953AAF}.Debug|Any CPU.Build.0 = Debug|Any CPU
		{B929EBA4-62E0-41BA-AE48-3EDE67953AAF}.Release|Any CPU.ActiveCfg = Release|Any CPU
		{B929EBA4-62E0-41BA-AE48-3EDE67953AAF}.Release|Any CPU.Build.0 = Release|Any CPU
		{024AD090-BAE3-427F-95DB-934F3AA67BEA}.Debug|Any CPU.ActiveCfg = Debug|Any CPU
		{024AD090-BAE3-427F-95DB-934F3AA67BEA}.Debug|Any CPU.Build.0 = Debug|Any CPU
		{024AD090-BAE3-427F-95DB-934F3AA67BEA}.Release|Any CPU.ActiveCfg = Release|Any CPU
		{024AD090-BAE3-427F-95DB-934F3AA67BEA}.Release|Any CPU.Build.0 = Release|Any CPU
	EndGlobalSection
	GlobalSection(SolutionProperties) = preSolution
		HideSolutionNode = FALSE
	EndGlobalSection
	GlobalSection(NestedProjects) = preSolution
		{F61C45B0-BE0E-4214-8AD1-EC29E9440C1B} = {C19A3477-D9F2-4D11-BFB6-5050C48911A7}
		{435BBF86-313C-4914-BBF2-157D530DA905} = {C19A3477-D9F2-4D11-BFB6-5050C48911A7}
		{676BBB64-B7A6-47F1-8EA4-30F03E372B69} = {C19A3477-D9F2-4D11-BFB6-5050C48911A7}
		{48BDF3FC-F73F-46DD-A8DF-8A1E84E60D2E} = {C19A3477-D9F2-4D11-BFB6-5050C48911A7}
		{F01BFD43-67CF-4EDD-AB8A-586FA8AF1421} = {4E9AD0AE-468B-4A0E-A9F4-DE0852011939}
		{4AC41F8E-8B49-4AAF-832F-7C6EC2C9725C} = {C19A3477-D9F2-4D11-BFB6-5050C48911A7}
		{B929EBA4-62E0-41BA-AE48-3EDE67953AAF} = {C19A3477-D9F2-4D11-BFB6-5050C48911A7}
	EndGlobalSection
EndGlobal
