
Microsoft Visual Studio Solution File, Format Version 12.00
# Visual Studio 14
VisualStudioVersion = 14.0.25420.1
MinimumVisualStudioVersion = 10.0.40219.1
Project("{FAE04EC0-301F-11D3-BF4B-00C04F79EFBC}") = "Trendyol.App", "Trendyol.App\Trendyol.App.csproj", "{5A4FC3B4-F64A-4E7C-A178-9BCD81CF6334}"
EndProject
Project("{FAE04EC0-301F-11D3-BF4B-00C04F79EFBC}") = "Trendyol.App.WebApi", "Trendyol.App.WebApi\Trendyol.App.WebApi.csproj", "{ED0AF6B3-C534-4F46-A7B0-B59AD9DDFC88}"
EndProject
Project("{2150E333-8FDC-42A3-9474-1A3956D46DE8}") = "Samples", "Samples", "{C19A3477-D9F2-4D11-BFB6-5050C48911A7}"
EndProject
Project("{FAE04EC0-301F-11D3-BF4B-00C04F79EFBC}") = "WebApplication", "WebApplication\WebApplication.csproj", "{F61C45B0-BE0E-4214-8AD1-EC29E9440C1B}"
EndProject
Global
	GlobalSection(SolutionConfigurationPlatforms) = preSolution
		Debug|Any CPU = Debug|Any CPU
		Release|Any CPU = Release|Any CPU
	EndGlobalSection
	GlobalSection(ProjectConfigurationPlatforms) = postSolution
		{5A4FC3B4-F64A-4E7C-A178-9BCD81CF6334}.Debug|Any CPU.ActiveCfg = Debug|Any CPU
		{5A4FC3B4-F64A-4E7C-A178-9BCD81CF6334}.Debug|Any CPU.Build.0 = Debug|Any CPU
		{5A4FC3B4-F64A-4E7C-A178-9BCD81CF6334}.Release|Any CPU.ActiveCfg = Release|Any CPU
		{5A4FC3B4-F64A-4E7C-A178-9BCD81CF6334}.Release|Any CPU.Build.0 = Release|Any CPU
		{ED0AF6B3-C534-4F46-A7B0-B59AD9DDFC88}.Debug|Any CPU.ActiveCfg = Debug|Any CPU
		{ED0AF6B3-C534-4F46-A7B0-B59AD9DDFC88}.Debug|Any CPU.Build.0 = Debug|Any CPU
		{ED0AF6B3-C534-4F46-A7B0-B59AD9DDFC88}.Release|Any CPU.ActiveCfg = Release|Any CPU
		{ED0AF6B3-C534-4F46-A7B0-B59AD9DDFC88}.Release|Any CPU.Build.0 = Release|Any CPU
		{F61C45B0-BE0E-4214-8AD1-EC29E9440C1B}.Debug|Any CPU.ActiveCfg = Debug|Any CPU
		{F61C45B0-BE0E-4214-8AD1-EC29E9440C1B}.Debug|Any CPU.Build.0 = Debug|Any CPU
		{F61C45B0-BE0E-4214-8AD1-EC29E9440C1B}.Release|Any CPU.ActiveCfg = Release|Any CPU
		{F61C45B0-BE0E-4214-8AD1-EC29E9440C1B}.Release|Any CPU.Build.0 = Release|Any CPU
	EndGlobalSection
	GlobalSection(SolutionProperties) = preSolution
		HideSolutionNode = FALSE
	EndGlobalSection
	GlobalSection(NestedProjects) = preSolution
		{F61C45B0-BE0E-4214-8AD1-EC29E9440C1B} = {C19A3477-D9F2-4D11-BFB6-5050C48911A7}
	EndGlobalSection
EndGlobal
